Microsoft Visual Studio Solution File, Format Version 12.00
# Visual Studio Version 17
VisualStudioVersion = 17.5.2.0
MinimumVisualStudioVersion = 10.0.40219.1
Project("{FAE04EC0-301F-11D3-BF4B-00C04F79EFBC}") = "MementoEditorDemo", "MementoEditorDemo.csproj", "{146EEEFF-E0CA-1E67-DDA3-CA9F0AFD9B1E}"
EndProject
Global
	GlobalSection(SolutionConfigurationPlatforms) = preSolution
		Debug|Any CPU = Debug|Any CPU
		Release|Any CPU = Release|Any CPU
	EndGlobalSection
	GlobalSection(ProjectConfigurationPlatforms) = postSolution
		{146EEEFF-E0CA-1E67-DDA3-CA9F0AFD9B1E}.Debug|Any CPU.ActiveCfg = Debug|Any CPU
		{146EEEFF-E0CA-1E67-DDA3-CA9F0AFD9B1E}.Debug|Any CPU.Build.0 = Debug|Any CPU
		{146EEEFF-E0CA-1E67-DDA3-CA9F0AFD9B1E}.Release|Any CPU.ActiveCfg = Release|Any CPU
		{146EEEFF-E0CA-1E67-DDA3-CA9F0AFD9B1E}.Release|Any CPU.Build.0 = Release|Any CPU
	EndGlobalSection
	GlobalSection(SolutionProperties) = preSolution
		HideSolutionNode = FALSE
	EndGlobalSection
	GlobalSection(ExtensibilityGlobals) = postSolution
		SolutionGuid = {72DB4370-560E-43CD-B48B-F2325AB536F8}
	EndGlobalSection
EndGlobal
